# This file was autogenerated by Stack.
# You should not edit this file by hand.
# For more information, please see the documentation at:
#   https://docs.haskellstack.org/en/stable/lock_files

packages:
- completed:
    hackage: time-1.12.2@sha256:88e8493d9130038d3b9968a2530a0900141cd3d938483c83dde56e12b875ebc8,6510
    pantry-tree:
      sha256: de0ab314661da3788b5dad20254e44929b1659b00d32b5a0cd54922a05e006e8
      size: 7264
  original:
    hackage: time-1.12.2
- completed:
    hackage: random-1.2.1.1@sha256:e7c1f881159d5cc788619c9ee8b8f340ba2ff0db571cdf3d1a1968ebc5108789,6777
    pantry-tree:
      sha256: adc460de1e12074b8fb5634330089e11aeeac02b02716ba15b9f4de6fa1de425
      size: 1528
  original:
    hackage: random-1.2.1.1
- completed:
    hackage: deepseq-1.4.8.0@sha256:69d8ddc37acb85081795c4c450f180a0ee6c5613f0ca98f08b3481aa6d307a3a,2372
    pantry-tree:
      sha256: f6d2dc9a5e8867fc026de9d57ee60539f6f65a100479ce8c3696bd51ad1d1b32
      size: 385
  original:
    hackage: deepseq-1.4.8.0
- completed:
    hackage: OptDir-0.0.4@sha256:7a59a4e225a1ea402b82377c9057cf258e45d9d7913b2edd010f7ae8b9e4f8af,861
    pantry-tree:
      sha256: 1acdb5033f2f1750e622fb4a2bf5f5de5eac9d3129a61c3b92bfed17f64d6607
      size: 256
  original:
    hackage: OptDir-0.0.4@sha256:7a59a4e225a1ea402b82377c9057cf258e45d9d7913b2edd010f7ae8b9e4f8af,861
- completed:
    hackage: bytestring-encoding-0.1.2.0@sha256:e1d2700b1c13ccda4eb561a413e9fa1d7675cef41c709472e9817fb89c1d1c53,2049
    pantry-tree:
      sha256: 4475d86eeb63941b7601b4715aad228114225eac828a77c7d8aeb4c655dd1119
      size: 715
  original:
    hackage: bytestring-encoding-0.1.2.0
- completed:
    hackage: silently-1.2.5.3@sha256:a5f7b48a0f5227ae649b7076eef357b0cd4d60e35454eaef8957b475ce4b34ce,2399
    pantry-tree:
      sha256: 280e72e06b255efa78bca0ba3e8adb0621bc086b7a90bc0100f062dc1b911dd5
      size: 374
  original:
    hackage: silently-1.2.5.3
- completed:
    name: MIP
    pantry-tree:
      sha256: e5e9fee5cfde4d0b26bcf2c0d2209511d7f4c5b88e2dbb2c476ef17b6a71996c
      size: 7236
    sha256: 6acb38684abc47c9dd60e558ec5985324e83fda91a414e0271eb2499eda6cf7e
    size: 95475
    subdir: MIP
    url: https://github.com/msakai/haskell-MIP/archive/0c602fc593155b2ebf82f15b0325ac439e2c7bcc.tar.gz
    version: 0.2.1.0
  original:
    subdir: MIP
    url: https://github.com/msakai/haskell-MIP/archive/0c602fc593155b2ebf82f15b0325ac439e2c7bcc.tar.gz
- completed:
    name: llvm-pretty
    pantry-tree:
      sha256: ded33ca4fadd49002b46d78149966dbe97c14ba362c33f51283b9c1f8b13514f
      size: 1822
    sha256: 6097df403e43d257683bf3e005c2f2ffb2d8dd0cc6e19e9eb5994d9b0953c1b9
    size: 64744
    url: https://github.com/tomsmeding/llvm-pretty/archive/a253a7fc1c62f4825ffce6b2507eebc5dadff32c.tar.gz
    version: 0.13.0.0.99
  original:
    url: https://github.com/tomsmeding/llvm-pretty/archive/a253a7fc1c62f4825ffce6b2507eebc5dadff32c.tar.gz
- completed:
    hackage: monadLib-3.10.3@sha256:026ba169762e63f0fe5f5c78829808f522a28730043bc3ad9b7c146baedf709f,637
    pantry-tree:
      sha256: da85680ad661e0c7ad4de37437ddbfb029c789ada8f856f6abce0465f6836830
      size: 425
  original:
    hackage: monadLib-3.10.3@sha256:026ba169762e63f0fe5f5c78829808f522a28730043bc3ad9b7c146baedf709f,637
snapshots:
- completed:
    sha256: 23bb9bb355bfdb1635252e120a29b712f0d5e8a6c6a65c5ab5bd6692f46c438e
    size: 640457
    url: https://raw.githubusercontent.com/commercialhaskell/stackage-snapshots/master/lts/21/7.yaml
  original: lts-21.7
